
Microsoft Visual Studio Solution File, Format Version 12.00
# Visual Studio Version 16
VisualStudioVersion = 16.0.809.7
MinimumVisualStudioVersion = 10.0.40219.1
Project("{FAE04EC0-301F-11D3-BF4B-00C04F79EFBC}") = "MyProteinAutomationSolution", "MyProteinAutomationSolution\MyProteinAutomationSolution.csproj", "{4FACB438-EA80-4EF8-94BC-6FE1BA957982}"
EndProject
Global
	GlobalSection(SolutionConfigurationPlatforms) = preSolution
		Debug|Any CPU = Debug|Any CPU
		Release|Any CPU = Release|Any CPU
	EndGlobalSection
	GlobalSection(ProjectConfigurationPlatforms) = postSolution
		{4FACB438-EA80-4EF8-94BC-6FE1BA957982}.Debug|Any CPU.ActiveCfg = Debug|Any CPU
		{4FACB438-EA80-4EF8-94BC-6FE1BA957982}.Debug|Any CPU.Build.0 = Debug|Any CPU
		{4FACB438-EA80-4EF8-94BC-6FE1BA957982}.Release|Any CPU.ActiveCfg = Release|Any CPU
		{4FACB438-EA80-4EF8-94BC-6FE1BA957982}.Release|Any CPU.Build.0 = Release|Any CPU
	EndGlobalSection
	GlobalSection(SolutionProperties) = preSolution
		HideSolutionNode = FALSE
	EndGlobalSection
	GlobalSection(ExtensibilityGlobals) = postSolution
		SolutionGuid = {3CC6A3FA-9F46-4C30-87A0-A114A7FA2458}
	EndGlobalSection
EndGlobal
